
Microsoft Visual Studio Solution File, Format Version 12.00
# Visual Studio Version 16
VisualStudioVersion = 25.0.1704.2
MinimumVisualStudioVersion = 10.0.40219.1
Project("{FAE04EC0-301F-11D3-BF4B-00C04F79EFBC}") = "LinkedListProblem", "LinkedListProblem\LinkedListProblem.csproj", "{FD44C4AB-BB63-432A-8BCC-A7D955AF9BD8}"
EndProject
Global
	GlobalSection(SolutionConfigurationPlatforms) = preSolution
		Debug|Any CPU = Debug|Any CPU
		Release|Any CPU = Release|Any CPU
	EndGlobalSection
	GlobalSection(ProjectConfigurationPlatforms) = postSolution
		{FD44C4AB-BB63-432A-8BCC-A7D955AF9BD8}.Debug|Any CPU.ActiveCfg = Debug|Any CPU
		{FD44C4AB-BB63-432A-8BCC-A7D955AF9BD8}.Debug|Any CPU.Build.0 = Debug|Any CPU
		{FD44C4AB-BB63-432A-8BCC-A7D955AF9BD8}.Release|Any CPU.ActiveCfg = Release|Any CPU
		{FD44C4AB-BB63-432A-8BCC-A7D955AF9BD8}.Release|Any CPU.Build.0 = Release|Any CPU
	EndGlobalSection
	GlobalSection(SolutionProperties) = preSolution
		HideSolutionNode = FALSE
	EndGlobalSection
	GlobalSection(ExtensibilityGlobals) = postSolution
		SolutionGuid = {EEAE4AD2-95F4-4910-85E5-1FE75FC7EF93}
	EndGlobalSection
EndGlobal
